// !$*UTF8*$!
{
	archiveVersion = 1;
	classes = {
	};
	objectVersion = 56;
	objects = {

/* Begin PBXBuildFile section */
		3A04B96C28E04AB600E4C85C /* eCommerceApp.swift in Sources */ = {isa = PBXBuildFile; fileRef = 3A04B96B28E04AB600E4C85C /* eCommerceApp.swift */; };
		3A04B96E28E04AB600E4C85C /* ContentView.swift in Sources */ = {isa = PBXBuildFile; fileRef = 3A04B96D28E04AB600E4C85C /* ContentView.swift */; };
		3A04B97028E04AB700E4C85C /* Assets.xcassets in Resources */ = {isa = PBXBuildFile; fileRef = 3A04B96F28E04AB700E4C85C /* Assets.xcassets */; };
		3A04B97328E04AB700E4C85C /* Preview Assets.xcassets in Resources */ = {isa = PBXBuildFile; fileRef = 3A04B97228E04AB700E4C85C /* Preview Assets.xcassets */; };
		3A04B97D28E04C4000E4C85C /* Raleway-Bold.ttf in Resources */ = {isa = PBXBuildFile; fileRef = 3A04B97A28E04C3F00E4C85C /* Raleway-Bold.ttf */; };
		3A04B97E28E04C4000E4C85C /* Raleway-SemiBold.ttf in Resources */ = {isa = PBXBuildFile; fileRef = 3A04B97B28E04C4000E4C85C /* Raleway-SemiBold.ttf */; };
		3A04B97F28E04C4000E4C85C /* Raleway-Regular.ttf in Resources */ = {isa = PBXBuildFile; fileRef = 3A04B97C28E04C4000E4C85C /* Raleway-Regular.ttf */; };
		3A04B98328E057F800E4C85C /* OnBoardingPage.swift in Sources */ = {isa = PBXBuildFile; fileRef = 3A04B98228E057F800E4C85C /* OnBoardingPage.swift */; };
		3A09560329344B9200FC87D0 /* MacBook_Air_M2_2022.scn in Resources */ = {isa = PBXBuildFile; fileRef = 3A09560029344B9200FC87D0 /* MacBook_Air_M2_2022.scn */; };
		3A09560429344B9200FC87D0 /* iMac_M1_2021.scn in Resources */ = {isa = PBXBuildFile; fileRef = 3A09560129344B9200FC87D0 /* iMac_M1_2021.scn */; };
		3A09560529344B9200FC87D0 /* MacBook_Pro_2021.scn in Resources */ = {isa = PBXBuildFile; fileRef = 3A09560229344B9200FC87D0 /* MacBook_Pro_2021.scn */; };
		3A095609293451F200FC87D0 /* iPhone_14Pro.scn in Resources */ = {isa = PBXBuildFile; fileRef = 3A095606293451F200FC87D0 /* iPhone_14Pro.scn */; };
		3A09560A293451F200FC87D0 /* iPhone_12Pro.scn in Resources */ = {isa = PBXBuildFile; fileRef = 3A095607293451F200FC87D0 /* iPhone_12Pro.scn */; };
		3A09560B293451F200FC87D0 /* Mac_Studio.scn in Resources */ = {isa = PBXBuildFile; fileRef = 3A095608293451F200FC87D0 /* Mac_Studio.scn */; };
		3A09560D293453A700FC87D0 /* iPhone_13Pro.scn in Resources */ = {isa = PBXBuildFile; fileRef = 3A09560C293453A700FC87D0 /* iPhone_13Pro.scn */; };
		3A095611293466DD00FC87D0 /* iPadAir4.scn in Resources */ = {isa = PBXBuildFile; fileRef = 3A09560E293466DC00FC87D0 /* iPadAir4.scn */; };
		3A095612293466DD00FC87D0 /* iPadMini6.scn in Resources */ = {isa = PBXBuildFile; fileRef = 3A09560F293466DD00FC87D0 /* iPadMini6.scn */; };
		3A095613293466DD00FC87D0 /* iPadPro2021.scn in Resources */ = {isa = PBXBuildFile; fileRef = 3A095610293466DD00FC87D0 /* iPadPro2021.scn */; };
		3A0B3671292632E500339EED /* GoogleService-Info.plist in Resources */ = {isa = PBXBuildFile; fileRef = 3A0B3670292632E500339EED /* GoogleService-Info.plist */; };
		3A0FE6D028E58346009F22F7 /* Product.swift in Sources */ = {isa = PBXBuildFile; fileRef = 3A0FE6CF28E58346009F22F7 /* Product.swift */; };
		3A0FE6D228E5885F009F22F7 /* HomeViewModel.swift in Sources */ = {isa = PBXBuildFile; fileRef = 3A0FE6D128E5885F009F22F7 /* HomeViewModel.swift */; };
		3A1F2AF828E07139005E350D /* LoginPage.swift in Sources */ = {isa = PBXBuildFile; fileRef = 3A1F2AF728E07139005E350D /* LoginPage.swift */; };
		3A1F2AFB28E07169005E350D /* LoginPageModel.swift in Sources */ = {isa = PBXBuildFile; fileRef = 3A1F2AFA28E07169005E350D /* LoginPageModel.swift */; };
		3A2AAB9128F85996005DE0CC /* ProfilePage.swift in Sources */ = {isa = PBXBuildFile; fileRef = 3A2AAB9028F85996005DE0CC /* ProfilePage.swift */; };
		3A2D7FC728F2962300806558 /* ProductDetailView.swift in Sources */ = {isa = PBXBuildFile; fileRef = 3A2D7FC628F2962300806558 /* ProductDetailView.swift */; };
		3A2D7FC928F2967600806558 /* SharedDataModel.swift in Sources */ = {isa = PBXBuildFile; fileRef = 3A2D7FC828F2967600806558 /* SharedDataModel.swift */; };
		3A3E025F293D02FE007BC74D /* SPAlert in Frameworks */ = {isa = PBXBuildFile; productRef = 3A3E025E293D02FE007BC74D /* SPAlert */; };
		3A5C81EC28F329800004DF37 /* CartPage.swift in Sources */ = {isa = PBXBuildFile; fileRef = 3A5C81EB28F329800004DF37 /* CartPage.swift */; };
		3A8230F12917EBBD00F15024 /* iWatch_7_Red.scn in Resources */ = {isa = PBXBuildFile; fileRef = 3A8230F02917EBBC00F15024 /* iWatch_7_Red.scn */; };
		3A8230F32917EC1E00F15024 /* CustomSceneView.swift in Sources */ = {isa = PBXBuildFile; fileRef = 3A8230F22917EC1E00F15024 /* CustomSceneView.swift */; };
		3A938F722938CEA800504046 /* SearchView.swift in Sources */ = {isa = PBXBuildFile; fileRef = 3A938F712938CEA800504046 /* SearchView.swift */; };
		3A938F742938F9C000504046 /* StaggeredGrid.swift in Sources */ = {isa = PBXBuildFile; fileRef = 3A938F732938F9C000504046 /* StaggeredGrid.swift */; };
		3A99093D28E077B800B8437A /* CustomCorners .swift in Sources */ = {isa = PBXBuildFile; fileRef = 3A99093C28E077B800B8437A /* CustomCorners .swift */; };
		3ABE2C5128E27EB500C88AC9 /* MainPage.swift in Sources */ = {isa = PBXBuildFile; fileRef = 3ABE2C5028E27EB500C88AC9 /* MainPage.swift */; };
		3ABE2C5428E28A6100C88AC9 /* Home.swift in Sources */ = {isa = PBXBuildFile; fileRef = 3ABE2C5328E28A6100C88AC9 /* Home.swift */; };
		3AF9AC9C2933434F00DE28AD /* iPhone_13_Pink.scn in Resources */ = {isa = PBXBuildFile; fileRef = 3AF9AC9B2933434F00DE28AD /* iPhone_13_Pink.scn */; };
		3AF9ACA22933531A00DE28AD /* Airpods_Gen2.scn in Resources */ = {isa = PBXBuildFile; fileRef = 3AF9AC9E2933531A00DE28AD /* Airpods_Gen2.scn */; };
		3AF9ACA32933531A00DE28AD /* Airpods_Pro.scn in Resources */ = {isa = PBXBuildFile; fileRef = 3AF9AC9F2933531A00DE28AD /* Airpods_Pro.scn */; };
		3AF9ACA42933531A00DE28AD /* Airpods_Max_Silver.usdz in Resources */ = {isa = PBXBuildFile; fileRef = 3AF9ACA02933531A00DE28AD /* Airpods_Max_Silver.usdz */; };
		3AF9ACA52933531A00DE28AD /* Airpods_Max_Silver.scn in Resources */ = {isa = PBXBuildFile; fileRef = 3AF9ACA12933531A00DE28AD /* Airpods_Max_Silver.scn */; };
		3AF9ECE528F2F41000A94155 /* LikedPage.swift in Sources */ = {isa = PBXBuildFile; fileRef = 3AF9ECE428F2F41000A94155 /* LikedPage.swift */; };
		CBAD62D9F613A82A776A5D88 /* Pods_eCommerce.framework in Frameworks */ = {isa = PBXBuildFile; fileRef = C847C4E0BE7701F3B3CC4F0F /* Pods_eCommerce.framework */; };
/* End PBXBuildFile section */

/* Begin PBXFileReference section */
		3A04B96828E04AB600E4C85C /* eCommerce.app */ = {isa = PBXFileReference; explicitFileType = wrapper.application; includeInIndex = 0; path = eCommerce.app; sourceTree = BUILT_PRODUCTS_DIR; };
		3A04B96B28E04AB600E4C85C /* eCommerceApp.swift */ = {isa = PBXFileReference; lastKnownFileType = sourcecode.swift; path = eCommerceApp.swift; sourceTree = "<group>"; };
		3A04B96D28E04AB600E4C85C /* ContentView.swift */ = {isa = PBXFileReference; lastKnownFileType = sourcecode.swift; path = ContentView.swift; sourceTree = "<group>"; };
		3A04B96F28E04AB700E4C85C /* Assets.xcassets */ = {isa = PBXFileReference; lastKnownFileType = folder.assetcatalog; path = Assets.xcassets; sourceTree = "<group>"; };
		3A04B97228E04AB700E4C85C /* Preview Assets.xcassets */ = {isa = PBXFileReference; lastKnownFileType = folder.assetcatalog; path = "Preview Assets.xcassets"; sourceTree = "<group>"; };
		3A04B97A28E04C3F00E4C85C /* Raleway-Bold.ttf */ = {isa = PBXFileReference; lastKnownFileType = file; path = "Raleway-Bold.ttf"; sourceTree = "<group>"; };
		3A04B97B28E04C4000E4C85C /* Raleway-SemiBold.ttf */ = {isa = PBXFileReference; lastKnownFileType = file; path = "Raleway-SemiBold.ttf"; sourceTree = "<group>"; };
		3A04B97C28E04C4000E4C85C /* Raleway-Regular.ttf */ = {isa = PBXFileReference; lastKnownFileType = file; path = "Raleway-Regular.ttf"; sourceTree = "<group>"; };
		3A04B98028E04C8100E4C85C /* Info.plist */ = {isa = PBXFileReference; lastKnownFileType = text.plist.xml; path = Info.plist; sourceTree = "<group>"; };
		3A04B98228E057F800E4C85C /* OnBoardingPage.swift */ = {isa = PBXFileReference; lastKnownFileType = sourcecode.swift; path = OnBoardingPage.swift; sourceTree = "<group>"; };
		3A09560029344B9200FC87D0 /* MacBook_Air_M2_2022.scn */ = {isa = PBXFileReference; lastKnownFileType = file.bplist; path = MacBook_Air_M2_2022.scn; sourceTree = "<group>"; };
		3A09560129344B9200FC87D0 /* iMac_M1_2021.scn */ = {isa = PBXFileReference; lastKnownFileType = file.bplist; path = iMac_M1_2021.scn; sourceTree = "<group>"; };
		3A09560229344B9200FC87D0 /* MacBook_Pro_2021.scn */ = {isa = PBXFileReference; lastKnownFileType = file.bplist; path = MacBook_Pro_2021.scn; sourceTree = "<group>"; };
		3A095606293451F200FC87D0 /* iPhone_14Pro.scn */ = {isa = PBXFileReference; lastKnownFileType = file.bplist; path = iPhone_14Pro.scn; sourceTree = "<group>"; };
		3A095607293451F200FC87D0 /* iPhone_12Pro.scn */ = {isa = PBXFileReference; lastKnownFileType = file.bplist; path = iPhone_12Pro.scn; sourceTree = "<group>"; };
		3A095608293451F200FC87D0 /* Mac_Studio.scn */ = {isa = PBXFileReference; lastKnownFileType = file.bplist; path = Mac_Studio.scn; sourceTree = "<group>"; };
		3A09560C293453A700FC87D0 /* iPhone_13Pro.scn */ = {isa = PBXFileReference; lastKnownFileType = file.bplist; path = iPhone_13Pro.scn; sourceTree = "<group>"; };
		3A09560E293466DC00FC87D0 /* iPadAir4.scn */ = {isa = PBXFileReference; lastKnownFileType = file.bplist; path = iPadAir4.scn; sourceTree = "<group>"; };
		3A09560F293466DD00FC87D0 /* iPadMini6.scn */ = {isa = PBXFileReference; lastKnownFileType = file.bplist; path = iPadMini6.scn; sourceTree = "<group>"; };
		3A095610293466DD00FC87D0 /* iPadPro2021.scn */ = {isa = PBXFileReference; lastKnownFileType = file.bplist; path = iPadPro2021.scn; sourceTree = "<group>"; };
		3A0B3670292632E500339EED /* GoogleService-Info.plist */ = {isa = PBXFileReference; fileEncoding = 4; lastKnownFileType = text.plist.xml; path = "GoogleService-Info.plist"; sourceTree = "<group>"; };
		3A0FE6CF28E58346009F22F7 /* Product.swift */ = {isa = PBXFileReference; lastKnownFileType = sourcecode.swift; path = Product.swift; sourceTree = "<group>"; };
		3A0FE6D128E5885F009F22F7 /* HomeViewModel.swift */ = {isa = PBXFileReference; lastKnownFileType = sourcecode.swift; path = HomeViewModel.swift; sourceTree = "<group>"; };
		3A1F2AF728E07139005E350D /* LoginPage.swift */ = {isa = PBXFileReference; lastKnownFileType = sourcecode.swift; path = LoginPage.swift; sourceTree = "<group>"; };
		3A1F2AFA28E07169005E350D /* LoginPageModel.swift */ = {isa = PBXFileReference; lastKnownFileType = sourcecode.swift; path = LoginPageModel.swift; sourceTree = "<group>"; };
		3A2AAB9028F85996005DE0CC /* ProfilePage.swift */ = {isa = PBXFileReference; lastKnownFileType = sourcecode.swift; path = ProfilePage.swift; sourceTree = "<group>"; };
		3A2D7FC628F2962300806558 /* ProductDetailView.swift */ = {isa = PBXFileReference; lastKnownFileType = sourcecode.swift; path = ProductDetailView.swift; sourceTree = "<group>"; };
		3A2D7FC828F2967600806558 /* SharedDataModel.swift */ = {isa = PBXFileReference; lastKnownFileType = sourcecode.swift; path = SharedDataModel.swift; sourceTree = "<group>"; };
		3A5C81EB28F329800004DF37 /* CartPage.swift */ = {isa = PBXFileReference; lastKnownFileType = sourcecode.swift; path = CartPage.swift; sourceTree = "<group>"; };
		3A8230F02917EBBC00F15024 /* iWatch_7_Red.scn */ = {isa = PBXFileReference; lastKnownFileType = file.bplist; path = iWatch_7_Red.scn; sourceTree = "<group>"; };
		3A8230F22917EC1E00F15024 /* CustomSceneView.swift */ = {isa = PBXFileReference; lastKnownFileType = sourcecode.swift; path = CustomSceneView.swift; sourceTree = "<group>"; };
		3A938F712938CEA800504046 /* SearchView.swift */ = {isa = PBXFileReference; lastKnownFileType = sourcecode.swift; path = SearchView.swift; sourceTree = "<group>"; };
		3A938F732938F9C000504046 /* StaggeredGrid.swift */ = {isa = PBXFileReference; lastKnownFileType = sourcecode.swift; path = StaggeredGrid.swift; sourceTree = "<group>"; };
		3A99093C28E077B800B8437A /* CustomCorners .swift */ = {isa = PBXFileReference; lastKnownFileType = sourcecode.swift; path = "CustomCorners .swift"; sourceTree = "<group>"; };
		3ABE2C5028E27EB500C88AC9 /* MainPage.swift */ = {isa = PBXFileReference; lastKnownFileType = sourcecode.swift; path = MainPage.swift; sourceTree = "<group>"; };
		3ABE2C5328E28A6100C88AC9 /* Home.swift */ = {isa = PBXFileReference; lastKnownFileType = sourcecode.swift; path = Home.swift; sourceTree = "<group>"; };
		3AF9AC9B2933434F00DE28AD /* iPhone_13_Pink.scn */ = {isa = PBXFileReference; lastKnownFileType = file.bplist; path = iPhone_13_Pink.scn; sourceTree = "<group>"; };
		3AF9AC9E2933531A00DE28AD /* Airpods_Gen2.scn */ = {isa = PBXFileReference; lastKnownFileType = file.bplist; path = Airpods_Gen2.scn; sourceTree = "<group>"; };
		3AF9AC9F2933531A00DE28AD /* Airpods_Pro.scn */ = {isa = PBXFileReference; lastKnownFileType = file.bplist; path = Airpods_Pro.scn; sourceTree = "<group>"; };
		3AF9ACA02933531A00DE28AD /* Airpods_Max_Silver.usdz */ = {isa = PBXFileReference; lastKnownFileType = file.usdz; path = Airpods_Max_Silver.usdz; sourceTree = "<group>"; };
		3AF9ACA12933531A00DE28AD /* Airpods_Max_Silver.scn */ = {isa = PBXFileReference; lastKnownFileType = file.bplist; path = Airpods_Max_Silver.scn; sourceTree = "<group>"; };
		3AF9ECE428F2F41000A94155 /* LikedPage.swift */ = {isa = PBXFileReference; lastKnownFileType = sourcecode.swift; path = LikedPage.swift; sourceTree = "<group>"; };
		79C7DFD995862BD4C74BF90D /* Pods-eCommerce.debug.xcconfig */ = {isa = PBXFileReference; includeInIndex = 1; lastKnownFileType = text.xcconfig; name = "Pods-eCommerce.debug.xcconfig"; path = "Target Support Files/Pods-eCommerce/Pods-eCommerce.debug.xcconfig"; sourceTree = "<group>"; };
		C847C4E0BE7701F3B3CC4F0F /* Pods_eCommerce.framework */ = {isa = PBXFileReference; explicitFileType = wrapper.framework; includeInIndex = 0; path = Pods_eCommerce.framework; sourceTree = BUILT_PRODUCTS_DIR; };
		F1FE8EAFB1E12DD081E9B279 /* Pods-eCommerce.release.xcconfig */ = {isa = PBXFileReference; includeInIndex = 1; lastKnownFileType = text.xcconfig; name = "Pods-eCommerce.release.xcconfig"; path = "Target Support Files/Pods-eCommerce/Pods-eCommerce.release.xcconfig"; sourceTree = "<group>"; };
/* End PBXFileReference section */

/* Begin PBXFrameworksBuildPhase section */
		3A04B96528E04AB600E4C85C /* Frameworks */ = {
			isa = PBXFrameworksBuildPhase;
			buildActionMask = 2147483647;
			files = (
				3A3E025F293D02FE007BC74D /* SPAlert in Frameworks */,
				CBAD62D9F613A82A776A5D88 /* Pods_eCommerce.framework in Frameworks */,
			);
			runOnlyForDeploymentPostprocessing = 0;
		};
/* End PBXFrameworksBuildPhase section */

/* Begin PBXGroup section */
		1DF8938EC2B1E43F57205905 /* Pods */ = {
			isa = PBXGroup;
			children = (
				79C7DFD995862BD4C74BF90D /* Pods-eCommerce.debug.xcconfig */,
				F1FE8EAFB1E12DD081E9B279 /* Pods-eCommerce.release.xcconfig */,
			);
			path = Pods;
			sourceTree = "<group>";
		};
		3A04B95F28E04AB600E4C85C = {
			isa = PBXGroup;
			children = (
				3AF9AC9D2933510600DE28AD /* 3D Object */,
				3A04B96A28E04AB600E4C85C /* eCommerce */,
				3A04B96928E04AB600E4C85C /* Products */,
				1DF8938EC2B1E43F57205905 /* Pods */,
				7D429AC62BAB517F64B10952 /* Frameworks */,
			);
			sourceTree = "<group>";
		};
		3A04B96928E04AB600E4C85C /* Products */ = {
			isa = PBXGroup;
			children = (
				3A04B96828E04AB600E4C85C /* eCommerce.app */,
			);
			name = Products;
			sourceTree = "<group>";
		};
		3A04B96A28E04AB600E4C85C /* eCommerce */ = {
			isa = PBXGroup;
			children = (
				3A04B98028E04C8100E4C85C /* Info.plist */,
				3A0B3670292632E500339EED /* GoogleService-Info.plist */,
				3A0FE6CE28E58323009F22F7 /* Model */,
				3A1F2AF928E07145005E350D /* ViewModel */,
				3A04B98128E056DF00E4C85C /* View */,
				3A04B97928E04B7F00E4C85C /* Fonts */,
				3A04B96B28E04AB600E4C85C /* eCommerceApp.swift */,
				3A04B96D28E04AB600E4C85C /* ContentView.swift */,
				3A04B96F28E04AB700E4C85C /* Assets.xcassets */,
				3A04B97128E04AB700E4C85C /* Preview Content */,
			);
			path = eCommerce;
			sourceTree = "<group>";
		};
		3A04B97128E04AB700E4C85C /* Preview Content */ = {
			isa = PBXGroup;
			children = (
				3A04B97228E04AB700E4C85C /* Preview Assets.xcassets */,
			);
			path = "Preview Content";
			sourceTree = "<group>";
		};
		3A04B97928E04B7F00E4C85C /* Fonts */ = {
			isa = PBXGroup;
			children = (
				3A04B97A28E04C3F00E4C85C /* Raleway-Bold.ttf */,
				3A04B97C28E04C4000E4C85C /* Raleway-Regular.ttf */,
				3A04B97B28E04C4000E4C85C /* Raleway-SemiBold.ttf */,
			);
			path = Fonts;
			sourceTree = "<group>";
		};
		3A04B98128E056DF00E4C85C /* View */ = {
			isa = PBXGroup;
			children = (
				3A4D3674293A175C006F054A /* Helper */,
				3ABE2C5228E28A4F00C88AC9 /* TabViews */,
				3A04B98228E057F800E4C85C /* OnBoardingPage.swift */,
				3A1F2AF728E07139005E350D /* LoginPage.swift */,
				3ABE2C5028E27EB500C88AC9 /* MainPage.swift */,
				3A2D7FC628F2962300806558 /* ProductDetailView.swift */,
				3A938F712938CEA800504046 /* SearchView.swift */,
			);
			path = View;
			sourceTree = "<group>";
		};
		3A0FE6CE28E58323009F22F7 /* Model */ = {
			isa = PBXGroup;
			children = (
				3A0FE6CF28E58346009F22F7 /* Product.swift */,
			);
			path = Model;
			sourceTree = "<group>";
		};
		3A1F2AF928E07145005E350D /* ViewModel */ = {
			isa = PBXGroup;
			children = (
				3A1F2AFA28E07169005E350D /* LoginPageModel.swift */,
				3A0FE6D128E5885F009F22F7 /* HomeViewModel.swift */,
				3A2D7FC828F2967600806558 /* SharedDataModel.swift */,
			);
			path = ViewModel;
			sourceTree = "<group>";
		};
		3A4D3674293A175C006F054A /* Helper */ = {
			isa = PBXGroup;
			children = (
				3A938F732938F9C000504046 /* StaggeredGrid.swift */,
				3A99093C28E077B800B8437A /* CustomCorners .swift */,
				3A8230F22917EC1E00F15024 /* CustomSceneView.swift */,
			);
			path = Helper;
			sourceTree = "<group>";
		};
		3ABE2C5228E28A4F00C88AC9 /* TabViews */ = {
			isa = PBXGroup;
			children = (
				3ABE2C5328E28A6100C88AC9 /* Home.swift */,
				3AF9ECE428F2F41000A94155 /* LikedPage.swift */,
				3A2AAB9028F85996005DE0CC /* ProfilePage.swift */,
				3A5C81EB28F329800004DF37 /* CartPage.swift */,
			);
			path = TabViews;
			sourceTree = "<group>";
		};
		3AF9AC9D2933510600DE28AD /* 3D Object */ = {
			isa = PBXGroup;
			children = (
				3A09560E293466DC00FC87D0 /* iPadAir4.scn */,
				3A09560F293466DD00FC87D0 /* iPadMini6.scn */,
				3A095610293466DD00FC87D0 /* iPadPro2021.scn */,
				3A095607293451F200FC87D0 /* iPhone_12Pro.scn */,
				3A095606293451F200FC87D0 /* iPhone_14Pro.scn */,
				3A095608293451F200FC87D0 /* Mac_Studio.scn */,
				3A09560C293453A700FC87D0 /* iPhone_13Pro.scn */,
				3A09560129344B9200FC87D0 /* iMac_M1_2021.scn */,
				3A09560029344B9200FC87D0 /* MacBook_Air_M2_2022.scn */,
				3A09560229344B9200FC87D0 /* MacBook_Pro_2021.scn */,
				3AF9AC9E2933531A00DE28AD /* Airpods_Gen2.scn */,
				3AF9ACA12933531A00DE28AD /* Airpods_Max_Silver.scn */,
				3AF9ACA02933531A00DE28AD /* Airpods_Max_Silver.usdz */,
				3AF9AC9F2933531A00DE28AD /* Airpods_Pro.scn */,
				3AF9AC9B2933434F00DE28AD /* iPhone_13_Pink.scn */,
				3A8230F02917EBBC00F15024 /* iWatch_7_Red.scn */,
			);
			path = "3D Object";
			sourceTree = "<group>";
		};
		7D429AC62BAB517F64B10952 /* Frameworks */ = {
			isa = PBXGroup;
			children = (
				C847C4E0BE7701F3B3CC4F0F /* Pods_eCommerce.framework */,
			);
			name = Frameworks;
			sourceTree = "<group>";
		};
/* End PBXGroup section */

/* Begin PBXNativeTarget section */
		3A04B96728E04AB600E4C85C /* eCommerce */ = {
			isa = PBXNativeTarget;
			buildConfigurationList = 3A04B97628E04AB700E4C85C /* Build configuration list for PBXNativeTarget "eCommerce" */;
			buildPhases = (
				C92CC16C1970E8235965BC48 /* [CP] Check Pods Manifest.lock */,
				3A04B96428E04AB600E4C85C /* Sources */,
				3A04B96528E04AB600E4C85C /* Frameworks */,
				3A04B96628E04AB600E4C85C /* Resources */,
				FF024432D027550375CB289A /* [CP] Embed Pods Frameworks */,
			);
			buildRules = (
			);
			dependencies = (
			);
			name = eCommerce;
			packageProductDependencies = (
				3A3E025E293D02FE007BC74D /* SPAlert */,
			);
			productName = eCommerce;
			productReference = 3A04B96828E04AB600E4C85C /* eCommerce.app */;
			productType = "com.apple.product-type.application";
		};
/* End PBXNativeTarget section */

/* Begin PBXProject section */
		3A04B96028E04AB600E4C85C /* Project object */ = {
			isa = PBXProject;
			attributes = {
				BuildIndependentTargetsInParallel = 1;
				LastSwiftUpdateCheck = 1400;
				LastUpgradeCheck = 1400;
				TargetAttributes = {
					3A04B96728E04AB600E4C85C = {
						CreatedOnToolsVersion = 14.0;
					};
				};
			};
			buildConfigurationList = 3A04B96328E04AB600E4C85C /* Build configuration list for PBXProject "eCommerce" */;
			compatibilityVersion = "Xcode 14.0";
			developmentRegion = en;
			hasScannedForEncodings = 0;
			knownRegions = (
				en,
				Base,
			);
			mainGroup = 3A04B95F28E04AB600E4C85C;
			packageReferences = (
				3A3E025D293D02FE007BC74D /* XCRemoteSwiftPackageReference "SPAlert" */,
			);
			productRefGroup = 3A04B96928E04AB600E4C85C /* Products */;
			projectDirPath = "";
			projectRoot = "";
			targets = (
				3A04B96728E04AB600E4C85C /* eCommerce */,
			);
		};
/* End PBXProject section */

/* Begin PBXResourcesBuildPhase section */
		3A04B96628E04AB600E4C85C /* Resources */ = {
			isa = PBXResourcesBuildPhase;
			buildActionMask = 2147483647;
			files = (
				3A095611293466DD00FC87D0 /* iPadAir4.scn in Resources */,
				3A095612293466DD00FC87D0 /* iPadMini6.scn in Resources */,
				3A095613293466DD00FC87D0 /* iPadPro2021.scn in Resources */,
				3A09560D293453A700FC87D0 /* iPhone_13Pro.scn in Resources */,
				3A095609293451F200FC87D0 /* iPhone_14Pro.scn in Resources */,
				3A09560A293451F200FC87D0 /* iPhone_12Pro.scn in Resources */,
				3A09560B293451F200FC87D0 /* Mac_Studio.scn in Resources */,
				3A09560329344B9200FC87D0 /* MacBook_Air_M2_2022.scn in Resources */,
				3A09560429344B9200FC87D0 /* iMac_M1_2021.scn in Resources */,
				3A09560529344B9200FC87D0 /* MacBook_Pro_2021.scn in Resources */,
				3AF9ACA22933531A00DE28AD /* Airpods_Gen2.scn in Resources */,
				3AF9ACA32933531A00DE28AD /* Airpods_Pro.scn in Resources */,
				3AF9ACA42933531A00DE28AD /* Airpods_Max_Silver.usdz in Resources */,
				3AF9ACA52933531A00DE28AD /* Airpods_Max_Silver.scn in Resources */,
				3AF9AC9C2933434F00DE28AD /* iPhone_13_Pink.scn in Resources */,
				3A8230F12917EBBD00F15024 /* iWatch_7_Red.scn in Resources */,
				3A04B97328E04AB700E4C85C /* Preview Assets.xcassets in Resources */,
				3A04B97F28E04C4000E4C85C /* Raleway-Regular.ttf in Resources */,
				3A04B97E28E04C4000E4C85C /* Raleway-SemiBold.ttf in Resources */,
				3A04B97D28E04C4000E4C85C /* Raleway-Bold.ttf in Resources */,
				3A04B97028E04AB700E4C85C /* Assets.xcassets in Resources */,
				3A0B3671292632E500339EED /* GoogleService-Info.plist in Resources */,
			);
			runOnlyForDeploymentPostprocessing = 0;
		};
/* End PBXResourcesBuildPhase section */

/* Begin PBXShellScriptBuildPhase section */
		C92CC16C1970E8235965BC48 /* [CP] Check Pods Manifest.lock */ = {
			isa = PBXShellScriptBuildPhase;
			buildActionMask = 2147483647;
			files = (
			);
			inputFileListPaths = (
			);
			inputPaths = (
				"${PODS_PODFILE_DIR_PATH}/Podfile.lock",
				"${PODS_ROOT}/Manifest.lock",
			);
			name = "[CP] Check Pods Manifest.lock";
			outputFileListPaths = (
			);
			outputPaths = (
				"$(DERIVED_FILE_DIR)/Pods-eCommerce-checkManifestLockResult.txt",
			);
			runOnlyForDeploymentPostprocessing = 0;
			shellPath = /bin/sh;
			shellScript = "diff \"${PODS_PODFILE_DIR_PATH}/Podfile.lock\" \"${PODS_ROOT}/Manifest.lock\" > /dev/null\nif [ $? != 0 ] ; then\n    # print error to STDERR\n    echo \"error: The sandbox is not in sync with the Podfile.lock. Run 'pod install' or update your CocoaPods installation.\" >&2\n    exit 1\nfi\n# This output is used by Xcode 'outputs' to avoid re-running this script phase.\necho \"SUCCESS\" > \"${SCRIPT_OUTPUT_FILE_0}\"\n";
			showEnvVarsInLog = 0;
		};
		FF024432D027550375CB289A /* [CP] Embed Pods Frameworks */ = {
			isa = PBXShellScriptBuildPhase;
			buildActionMask = 2147483647;
			files = (
			);
			inputFileListPaths = (
				"${PODS_ROOT}/Target Support Files/Pods-eCommerce/Pods-eCommerce-frameworks-${CONFIGURATION}-input-files.xcfilelist",
			);
			name = "[CP] Embed Pods Frameworks";
			outputFileListPaths = (
				"${PODS_ROOT}/Target Support Files/Pods-eCommerce/Pods-eCommerce-frameworks-${CONFIGURATION}-output-files.xcfilelist",
			);
			runOnlyForDeploymentPostprocessing = 0;
			shellPath = /bin/sh;
			shellScript = "\"${PODS_ROOT}/Target Support Files/Pods-eCommerce/Pods-eCommerce-frameworks.sh\"\n";
			showEnvVarsInLog = 0;
		};
/* End PBXShellScriptBuildPhase section */

/* Begin PBXSourcesBuildPhase section */
		3A04B96428E04AB600E4C85C /* Sources */ = {
			isa = PBXSourcesBuildPhase;
			buildActionMask = 2147483647;
			files = (
				3A1F2AF828E07139005E350D /* LoginPage.swift in Sources */,
				3A99093D28E077B800B8437A /* CustomCorners .swift in Sources */,
				3A0FE6D028E58346009F22F7 /* Product.swift in Sources */,
				3A2D7FC928F2967600806558 /* SharedDataModel.swift in Sources */,
				3A8230F32917EC1E00F15024 /* CustomSceneView.swift in Sources */,
				3A1F2AFB28E07169005E350D /* LoginPageModel.swift in Sources */,
				3A938F722938CEA800504046 /* SearchView.swift in Sources */,
				3A04B96E28E04AB600E4C85C /* ContentView.swift in Sources */,
				3A2D7FC728F2962300806558 /* ProductDetailView.swift in Sources */,
				3A0FE6D228E5885F009F22F7 /* HomeViewModel.swift in Sources */,
				3A938F742938F9C000504046 /* StaggeredGrid.swift in Sources */,
				3A04B98328E057F800E4C85C /* OnBoardingPage.swift in Sources */,
				3ABE2C5128E27EB500C88AC9 /* MainPage.swift in Sources */,
				3AF9ECE528F2F41000A94155 /* LikedPage.swift in Sources */,
				3ABE2C5428E28A6100C88AC9 /* Home.swift in Sources */,
				3A2AAB9128F85996005DE0CC /* ProfilePage.swift in Sources */,
				3A5C81EC28F329800004DF37 /* CartPage.swift in Sources */,
				3A04B96C28E04AB600E4C85C /* eCommerceApp.swift in Sources */,
			);
			runOnlyForDeploymentPostprocessing = 0;
		};
/* End PBXSourcesBuildPhase section */

/* Begin XCBuildConfiguration section */
		3A04B97428E04AB700E4C85C /* Debug */ = {
			isa = XCBuildConfiguration;
			buildSettings = {
				ALWAYS_SEARCH_USER_PATHS = NO;
				CLANG_ANALYZER_NONNULL = YES;
				CLANG_ANALYZER_NUMBER_OBJECT_CONVERSION = YES_AGGRESSIVE;
				CLANG_CXX_LANGUAGE_STANDARD = "gnu++20";
				CLANG_ENABLE_MODULES = YES;
				CLANG_ENABLE_OBJC_ARC = YES;
				CLANG_ENABLE_OBJC_WEAK = YES;
				CLANG_WARN_BLOCK_CAPTURE_AUTORELEASING = YES;
				CLANG_WARN_BOOL_CONVERSION = YES;
				CLANG_WARN_COMMA = YES;
				CLANG_WARN_CONSTANT_CONVERSION = YES;
				CLANG_WARN_DEPRECATED_OBJC_IMPLEMENTATIONS = YES;
				CLANG_WARN_DIRECT_OBJC_ISA_USAGE = YES_ERROR;
				CLANG_WARN_DOCUMENTATION_COMMENTS = YES;
				CLANG_WARN_EMPTY_BODY = YES;
				CLANG_WARN_ENUM_CONVERSION = YES;
				CLANG_WARN_INFINITE_RECURSION = YES;
				CLANG_WARN_INT_CONVERSION = YES;
				CLANG_WARN_NON_LITERAL_NULL_CONVERSION = YES;
				CLANG_WARN_OBJC_IMPLICIT_RETAIN_SELF = YES;
				CLANG_WARN_OBJC_LITERAL_CONVERSION = YES;
				CLANG_WARN_OBJC_ROOT_CLASS = YES_ERROR;
				CLANG_WARN_QUOTED_INCLUDE_IN_FRAMEWORK_HEADER = YES;
				CLANG_WARN_RANGE_LOOP_ANALYSIS = YES;
				CLANG_WARN_STRICT_PROTOTYPES = YES;
				CLANG_WARN_SUSPICIOUS_MOVE = YES;
				CLANG_WARN_UNGUARDED_AVAILABILITY = YES_AGGRESSIVE;
				CLANG_WARN_UNREACHABLE_CODE = YES;
				CLANG_WARN__DUPLICATE_METHOD_MATCH = YES;
				COPY_PHASE_STRIP = NO;
				DEBUG_INFORMATION_FORMAT = dwarf;
				ENABLE_STRICT_OBJC_MSGSEND = YES;
				ENABLE_TESTABILITY = YES;
				GCC_C_LANGUAGE_STANDARD = gnu11;
				GCC_DYNAMIC_NO_PIC = NO;
				GCC_NO_COMMON_BLOCKS = YES;
				GCC_OPTIMIZATION_LEVEL = 0;
				GCC_PREPROCESSOR_DEFINITIONS = (
					"DEBUG=1",
					"$(inherited)",
				);
				GCC_WARN_64_TO_32_BIT_CONVERSION = YES;
				GCC_WARN_ABOUT_RETURN_TYPE = YES_ERROR;
				GCC_WARN_UNDECLARED_SELECTOR = YES;
				GCC_WARN_UNINITIALIZED_AUTOS = YES_AGGRESSIVE;
				GCC_WARN_UNUSED_FUNCTION = YES;
				GCC_WARN_UNUSED_VARIABLE = YES;
				IPHONEOS_DEPLOYMENT_TARGET = 15.0;
				MTL_ENABLE_DEBUG_INFO = INCLUDE_SOURCE;
				MTL_FAST_MATH = YES;
				ONLY_ACTIVE_ARCH = YES;
				SDKROOT = iphoneos;
				SWIFT_ACTIVE_COMPILATION_CONDITIONS = DEBUG;
				SWIFT_OPTIMIZATION_LEVEL = "-Onone";
			};
			name = Debug;
		};
		3A04B97528E04AB700E4C85C /* Release */ = {
			isa = XCBuildConfiguration;
			buildSettings = {
				ALWAYS_SEARCH_USER_PATHS = NO;
				CLANG_ANALYZER_NONNULL = YES;
				CLANG_ANALYZER_NUMBER_OBJECT_CONVERSION = YES_AGGRESSIVE;
				CLANG_CXX_LANGUAGE_STANDARD = "gnu++20";
				CLANG_ENABLE_MODULES = YES;
				CLANG_ENABLE_OBJC_ARC = YES;
				CLANG_ENABLE_OBJC_WEAK = YES;
				CLANG_WARN_BLOCK_CAPTURE_AUTORELEASING = YES;
				CLANG_WARN_BOOL_CONVERSION = YES;
				CLANG_WARN_COMMA = YES;
				CLANG_WARN_CONSTANT_CONVERSION = YES;
				CLANG_WARN_DEPRECATED_OBJC_IMPLEMENTATIONS = YES;
				CLANG_WARN_DIRECT_OBJC_ISA_USAGE = YES_ERROR;
				CLANG_WARN_DOCUMENTATION_COMMENTS = YES;
				CLANG_WARN_EMPTY_BODY = YES;
				CLANG_WARN_ENUM_CONVERSION = YES;
				CLANG_WARN_INFINITE_RECURSION = YES;
				CLANG_WARN_INT_CONVERSION = YES;
				CLANG_WARN_NON_LITERAL_NULL_CONVERSION = YES;
				CLANG_WARN_OBJC_IMPLICIT_RETAIN_SELF = YES;
				CLANG_WARN_OBJC_LITERAL_CONVERSION = YES;
				CLANG_WARN_OBJC_ROOT_CLASS = YES_ERROR;
				CLANG_WARN_QUOTED_INCLUDE_IN_FRAMEWORK_HEADER = YES;
				CLANG_WARN_RANGE_LOOP_ANALYSIS = YES;
				CLANG_WARN_STRICT_PROTOTYPES = YES;
				CLANG_WARN_SUSPICIOUS_MOVE = YES;
				CLANG_WARN_UNGUARDED_AVAILABILITY = YES_AGGRESSIVE;
				CLANG_WARN_UNREACHABLE_CODE = YES;
				CLANG_WARN__DUPLICATE_METHOD_MATCH = YES;
				COPY_PHASE_STRIP = NO;
				DEBUG_INFORMATION_FORMAT = "dwarf-with-dsym";
				ENABLE_NS_ASSERTIONS = NO;
				ENABLE_STRICT_OBJC_MSGSEND = YES;
				GCC_C_LANGUAGE_STANDARD = gnu11;
				GCC_NO_COMMON_BLOCKS = YES;
				GCC_WARN_64_TO_32_BIT_CONVERSION = YES;
				GCC_WARN_ABOUT_RETURN_TYPE = YES_ERROR;
				GCC_WARN_UNDECLARED_SELECTOR = YES;
				GCC_WARN_UNINITIALIZED_AUTOS = YES_AGGRESSIVE;
				GCC_WARN_UNUSED_FUNCTION = YES;
				GCC_WARN_UNUSED_VARIABLE = YES;
				IPHONEOS_DEPLOYMENT_TARGET = 15.0;
				MTL_ENABLE_DEBUG_INFO = NO;
				MTL_FAST_MATH = YES;
				SDKROOT = iphoneos;
				SWIFT_COMPILATION_MODE = wholemodule;
				SWIFT_OPTIMIZATION_LEVEL = "-O";
				VALIDATE_PRODUCT = YES;
			};
			name = Release;
		};
		3A04B97728E04AB700E4C85C /* Debug */ = {
			isa = XCBuildConfiguration;
			baseConfigurationReference = 79C7DFD995862BD4C74BF90D /* Pods-eCommerce.debug.xcconfig */;
			buildSettings = {
				ASSETCATALOG_COMPILER_APPICON_NAME = AppIcon;
				ASSETCATALOG_COMPILER_GLOBAL_ACCENT_COLOR_NAME = AccentColor;
				CODE_SIGN_STYLE = Automatic;
				CURRENT_PROJECT_VERSION = 1;
				DEVELOPMENT_ASSET_PATHS = "\"eCommerce/Preview Content\"";
				DEVELOPMENT_TEAM = QJ4D5LRK3T;
				ENABLE_PREVIEWS = YES;
				GENERATE_INFOPLIST_FILE = YES;
				INFOPLIST_FILE = eCommerce/Info.plist;
				INFOPLIST_KEY_UIApplicationSceneManifest_Generation = YES;
				INFOPLIST_KEY_UIApplicationSupportsIndirectInputEvents = YES;
				INFOPLIST_KEY_UILaunchScreen_Generation = YES;
				INFOPLIST_KEY_UISupportedInterfaceOrientations_iPad = "UIInterfaceOrientationPortrait UIInterfaceOrientationPortraitUpsideDown UIInterfaceOrientationLandscapeLeft UIInterfaceOrientationLandscapeRight";
				INFOPLIST_KEY_UISupportedInterfaceOrientations_iPhone = "UIInterfaceOrientationPortrait UIInterfaceOrientationLandscapeLeft UIInterfaceOrientationLandscapeRight";
				IPHONEOS_DEPLOYMENT_TARGET = 15.0;
				LD_RUNPATH_SEARCH_PATHS = (
					"$(inherited)",
					"@executable_path/Frameworks",
				);
				MARKETING_VERSION = 1.0;
				PRODUCT_BUNDLE_IDENTIFIER = dikidwid.eCommerce;
				PRODUCT_NAME = "$(TARGET_NAME)";
				SWIFT_EMIT_LOC_STRINGS = YES;
				SWIFT_VERSION = 5.0;
				TARGETED_DEVICE_FAMILY = "1,2";
			};
			name = Debug;
		};
		3A04B97828E04AB700E4C85C /* Release */ = {
			isa = XCBuildConfiguration;
			baseConfigurationReference = F1FE8EAFB1E12DD081E9B279 /* Pods-eCommerce.release.xcconfig */;
			buildSettings = {
				ASSETCATALOG_COMPILER_APPICON_NAME = AppIcon;
				ASSETCATALOG_COMPILER_GLOBAL_ACCENT_COLOR_NAME = AccentColor;
				CODE_SIGN_STYLE = Automatic;
				CURRENT_PROJECT_VERSION = 1;
				DEVELOPMENT_ASSET_PATHS = "\"eCommerce/Preview Content\"";
				DEVELOPMENT_TEAM = QJ4D5LRK3T;
				ENABLE_PREVIEWS = YES;
				GENERATE_INFOPLIST_FILE = YES;
				INFOPLIST_FILE = eCommerce/Info.plist;
				INFOPLIST_KEY_UIApplicationSceneManifest_Generation = YES;
				INFOPLIST_KEY_UIApplicationSupportsIndirectInputEvents = YES;
				INFOPLIST_KEY_UILaunchScreen_Generation = YES;
				INFOPLIST_KEY_UISupportedInterfaceOrientations_iPad = "UIInterfaceOrientationPortrait UIInterfaceOrientationPortraitUpsideDown UIInterfaceOrientationLandscapeLeft UIInterfaceOrientationLandscapeRight";
				INFOPLIST_KEY_UISupportedInterfaceOrientations_iPhone = "UIInterfaceOrientationPortrait UIInterfaceOrientationLandscapeLeft UIInterfaceOrientationLandscapeRight";
				IPHONEOS_DEPLOYMENT_TARGET = 15.0;
				LD_RUNPATH_SEARCH_PATHS = (
					"$(inherited)",
					"@executable_path/Frameworks",
				);
				MARKETING_VERSION = 1.0;
				PRODUCT_BUNDLE_IDENTIFIER = dikidwid.eCommerce;
				PRODUCT_NAME = "$(TARGET_NAME)";
				SWIFT_EMIT_LOC_STRINGS = YES;
				SWIFT_VERSION = 5.0;
				TARGETED_DEVICE_FAMILY = "1,2";
			};
			name = Release;
		};
/* End XCBuildConfiguration section */

/* Begin XCConfigurationList section */
		3A04B96328E04AB600E4C85C /* Build configuration list for PBXProject "eCommerce" */ = {
			isa = XCConfigurationList;
			buildConfigurations = (
				3A04B97428E04AB700E4C85C /* Debug */,
				3A04B97528E04AB700E4C85C /* Release */,
			);
			defaultConfigurationIsVisible = 0;
			defaultConfigurationName = Release;
		};
		3A04B97628E04AB700E4C85C /* Build configuration list for PBXNativeTarget "eCommerce" */ = {
			isa = XCConfigurationList;
			buildConfigurations = (
				3A04B97728E04AB700E4C85C /* Debug */,
				3A04B97828E04AB700E4C85C /* Release */,
			);
			defaultConfigurationIsVisible = 0;
			defaultConfigurationName = Release;
		};
/* End XCConfigurationList section */

/* Begin XCRemoteSwiftPackageReference section */
		3A3E025D293D02FE007BC74D /* XCRemoteSwiftPackageReference "SPAlert" */ = {
			isa = XCRemoteSwiftPackageReference;
			repositoryURL = "https://github.com/ivanvorobei/SPAlert";
			requirement = {
				kind = upToNextMajorVersion;
				minimumVersion = 4.0.0;
			};
		};
/* End XCRemoteSwiftPackageReference section */

/* Begin XCSwiftPackageProductDependency section */
		3A3E025E293D02FE007BC74D /* SPAlert */ = {
			isa = XCSwiftPackageProductDependency;
			package = 3A3E025D293D02FE007BC74D /* XCRemoteSwiftPackageReference "SPAlert" */;
			productName = SPAlert;
		};
/* End XCSwiftPackageProductDependency section */
	};
	rootObject = 3A04B96028E04AB600E4C85C /* Project object */;
}
